// !$*UTF8*$!
{
	archiveVersion = 1;
	classes = {
	};
	objectVersion = 56;
	objects = {

/* Begin PBXBuildFile section */
		F2742FB12A4518700091D1A1 /* GoogleMobileAds in Frameworks */ = {isa = PBXBuildFile; productRef = F2742FB02A4518700091D1A1 /* GoogleMobileAds */; };
		F2D30AC62A3CBB5D00451A67 /* AppDelegate.swift in Sources */ = {isa = PBXBuildFile; fileRef = F2D30AC52A3CBB5D00451A67 /* AppDelegate.swift */; };
		F2D30AC82A3CBB5D00451A67 /* GameScene.sks in Resources */ = {isa = PBXBuildFile; fileRef = F2D30AC72A3CBB5D00451A67 /* GameScene.sks */; };
		F2D30ACA2A3CBB5D00451A67 /* Actions.sks in Resources */ = {isa = PBXBuildFile; fileRef = F2D30AC92A3CBB5D00451A67 /* Actions.sks */; };
		F2D30ACC2A3CBB5D00451A67 /* GameScene.swift in Sources */ = {isa = PBXBuildFile; fileRef = F2D30ACB2A3CBB5D00451A67 /* GameScene.swift */; };
		F2D30ACE2A3CBB5D00451A67 /* GameViewController.swift in Sources */ = {isa = PBXBuildFile; fileRef = F2D30ACD2A3CBB5D00451A67 /* GameViewController.swift */; };
		F2D30AD12A3CBB5D00451A67 /* Main.storyboard in Resources */ = {isa = PBXBuildFile; fileRef = F2D30ACF2A3CBB5D00451A67 /* Main.storyboard */; };
		F2D30AD32A3CBB5E00451A67 /* Assets.xcassets in Resources */ = {isa = PBXBuildFile; fileRef = F2D30AD22A3CBB5E00451A67 /* Assets.xcassets */; };
		F2D30AD62A3CBB5E00451A67 /* LaunchScreen.storyboard in Resources */ = {isa = PBXBuildFile; fileRef = F2D30AD42A3CBB5E00451A67 /* LaunchScreen.storyboard */; };
/* End PBXBuildFile section */

/* Begin PBXFileReference section */
		F2742FB22A4526970091D1A1 /* Info.plist */ = {isa = PBXFileReference; lastKnownFileType = text.plist; path = Info.plist; sourceTree = "<group>"; };
		F2D30AC22A3CBB5D00451A67 /* Fap.app */ = {isa = PBXFileReference; explicitFileType = wrapper.application; includeInIndex = 0; path = Fap.app; sourceTree = BUILT_PRODUCTS_DIR; };
		F2D30AC52A3CBB5D00451A67 /* AppDelegate.swift */ = {isa = PBXFileReference; lastKnownFileType = sourcecode.swift; path = AppDelegate.swift; sourceTree = "<group>"; };
		F2D30AC72A3CBB5D00451A67 /* GameScene.sks */ = {isa = PBXFileReference; lastKnownFileType = file.sks; path = GameScene.sks; sourceTree = "<group>"; };
		F2D30AC92A3CBB5D00451A67 /* Actions.sks */ = {isa = PBXFileReference; lastKnownFileType = file.sks; path = Actions.sks; sourceTree = "<group>"; };
		F2D30ACB2A3CBB5D00451A67 /* GameScene.swift */ = {isa = PBXFileReference; lastKnownFileType = sourcecode.swift; path = GameScene.swift; sourceTree = "<group>"; };
		F2D30ACD2A3CBB5D00451A67 /* GameViewController.swift */ = {isa = PBXFileReference; lastKnownFileType = sourcecode.swift; path = GameViewController.swift; sourceTree = "<group>"; };
		F2D30AD02A3CBB5D00451A67 /* Base */ = {isa = PBXFileReference; lastKnownFileType = file.storyboard; name = Base; path = Base.lproj/Main.storyboard; sourceTree = "<group>"; };
		F2D30AD22A3CBB5E00451A67 /* Assets.xcassets */ = {isa = PBXFileReference; lastKnownFileType = folder.assetcatalog; path = Assets.xcassets; sourceTree = "<group>"; };
		F2D30AD52A3CBB5E00451A67 /* Base */ = {isa = PBXFileReference; lastKnownFileType = file.storyboard; name = Base; path = Base.lproj/LaunchScreen.storyboard; sourceTree = "<group>"; };
/* End PBXFileReference section */

/* Begin PBXFrameworksBuildPhase section */
		F2D30ABF2A3CBB5D00451A67 /* Frameworks */ = {
			isa = PBXFrameworksBuildPhase;
			buildActionMask = 2147483647;
			files = (
				F2742FB12A4518700091D1A1 /* GoogleMobileAds in Frameworks */,
			);
			runOnlyForDeploymentPostprocessing = 0;
		};
/* End PBXFrameworksBuildPhase section */

/* Begin PBXGroup section */
		F2D30AB92A3CBB5D00451A67 = {
			isa = PBXGroup;
			children = (
				F2D30AC42A3CBB5D00451A67 /* Fap */,
				F2D30AC32A3CBB5D00451A67 /* Products */,
			);
			sourceTree = "<group>";
		};
		F2D30AC32A3CBB5D00451A67 /* Products */ = {
			isa = PBXGroup;
			children = (
				F2D30AC22A3CBB5D00451A67 /* Fap.app */,
			);
			name = Products;
			sourceTree = "<group>";
		};
		F2D30AC42A3CBB5D00451A67 /* Fap */ = {
			isa = PBXGroup;
			children = (
				F2742FB22A4526970091D1A1 /* Info.plist */,
				F2D30AC52A3CBB5D00451A67 /* AppDelegate.swift */,
				F2D30AC72A3CBB5D00451A67 /* GameScene.sks */,
				F2D30AC92A3CBB5D00451A67 /* Actions.sks */,
				F2D30ACB2A3CBB5D00451A67 /* GameScene.swift */,
				F2D30ACD2A3CBB5D00451A67 /* GameViewController.swift */,
				F2D30ACF2A3CBB5D00451A67 /* Main.storyboard */,
				F2D30AD22A3CBB5E00451A67 /* Assets.xcassets */,
				F2D30AD42A3CBB5E00451A67 /* LaunchScreen.storyboard */,
			);
			path = Fap;
			sourceTree = "<group>";
		};
/* End PBXGroup section */

/* Begin PBXNativeTarget section */
		F2D30AC12A3CBB5D00451A67 /* Fap */ = {
			isa = PBXNativeTarget;
			buildConfigurationList = F2D30AD92A3CBB5E00451A67 /* Build configuration list for PBXNativeTarget "Fap" */;
			buildPhases = (
				F2D30ABE2A3CBB5D00451A67 /* Sources */,
				F2D30ABF2A3CBB5D00451A67 /* Frameworks */,
				F2D30AC02A3CBB5D00451A67 /* Resources */,
			);
			buildRules = (
			);
			dependencies = (
			);
			name = Fap;
			packageProductDependencies = (
				F2742FB02A4518700091D1A1 /* GoogleMobileAds */,
			);
			productName = Fap;
			productReference = F2D30AC22A3CBB5D00451A67 /* Fap.app */;
			productType = "com.apple.product-type.application";
		};
/* End PBXNativeTarget section */

/* Begin PBXProject section */
		F2D30ABA2A3CBB5D00451A67 /* Project object */ = {
			isa = PBXProject;
			attributes = {
				BuildIndependentTargetsInParallel = 1;
				LastSwiftUpdateCheck = 1430;
				LastUpgradeCheck = 1430;
				TargetAttributes = {
					F2D30AC12A3CBB5D00451A67 = {
						CreatedOnToolsVersion = 14.3;
					};
				};
			};
			buildConfigurationList = F2D30ABD2A3CBB5D00451A67 /* Build configuration list for PBXProject "Fap" */;
			compatibilityVersion = "Xcode 14.0";
			developmentRegion = en;
			hasScannedForEncodings = 0;
			knownRegions = (
				en,
				Base,
			);
			mainGroup = F2D30AB92A3CBB5D00451A67;
			packageReferences = (
				F2742FAF2A4518700091D1A1 /* XCRemoteSwiftPackageReference "swift-package-manager-google-mobile-ads" */,
			);
			productRefGroup = F2D30AC32A3CBB5D00451A67 /* Products */;
			projectDirPath = "";
			projectRoot = "";
			targets = (
				F2D30AC12A3CBB5D00451A67 /* Fap */,
			);
		};
/* End PBXProject section */

/* Begin PBXResourcesBuildPhase section */
		F2D30AC02A3CBB5D00451A67 /* Resources */ = {
			isa = PBXResourcesBuildPhase;
			buildActionMask = 2147483647;
			files = (
				F2D30AD12A3CBB5D00451A67 /* Main.storyboard in Resources */,
				F2D30AC82A3CBB5D00451A67 /* GameScene.sks in Resources */,
				F2D30AD32A3CBB5E00451A67 /* Assets.xcassets in Resources */,
				F2D30AD62A3CBB5E00451A67 /* LaunchScreen.storyboard in Resources */,
				F2D30ACA2A3CBB5D00451A67 /* Actions.sks in Resources */,
			);
			runOnlyForDeploymentPostprocessing = 0;
		};
/* End PBXResourcesBuildPhase section */

/* Begin PBXSourcesBuildPhase section */
		F2D30ABE2A3CBB5D00451A67 /* Sources */ = {
			isa = PBXSourcesBuildPhase;
			buildActionMask = 2147483647;
			files = (
				F2D30ACC2A3CBB5D00451A67 /* GameScene.swift in Sources */,
				F2D30ACE2A3CBB5D00451A67 /* GameViewController.swift in Sources */,
				F2D30AC62A3CBB5D00451A67 /* AppDelegate.swift in Sources */,
			);
			runOnlyForDeploymentPostprocessing = 0;
		};
/* End PBXSourcesBuildPhase section */

/* Begin PBXVariantGroup section */
		F2D30ACF2A3CBB5D00451A67 /* Main.storyboard */ = {
			isa = PBXVariantGroup;
			children = (
				F2D30AD02A3CBB5D00451A67 /* Base */,
			);
			name = Main.storyboard;
			sourceTree = "<group>";
		};
		F2D30AD42A3CBB5E00451A67 /* LaunchScreen.storyboard */ = {
			isa = PBXVariantGroup;
			children = (
				F2D30AD52A3CBB5E00451A67 /* Base */,
			);
			name = LaunchScreen.storyboard;
			sourceTree = "<group>";
		};
/* End PBXVariantGroup section */

/* Begin XCBuildConfiguration section */
		F2D30AD72A3CBB5E00451A67 /* Debug */ = {
			isa = XCBuildConfiguration;
			buildSettings = {
				ALWAYS_SEARCH_USER_PATHS = NO;
				CLANG_ANALYZER_NONNULL = YES;
				CLANG_ANALYZER_NUMBER_OBJECT_CONVERSION = YES_AGGRESSIVE;
				CLANG_CXX_LANGUAGE_STANDARD = "gnu++20";
				CLANG_ENABLE_MODULES = YES;
				CLANG_ENABLE_OBJC_ARC = YES;
				CLANG_ENABLE_OBJC_WEAK = YES;
				CLANG_WARN_BLOCK_CAPTURE_AUTORELEASING = YES;
				CLANG_WARN_BOOL_CONVERSION = YES;
				CLANG_WARN_COMMA = YES;
				CLANG_WARN_CONSTANT_CONVERSION = YES;
				CLANG_WARN_DEPRECATED_OBJC_IMPLEMENTATIONS = YES;
				CLANG_WARN_DIRECT_OBJC_ISA_USAGE = YES_ERROR;
				CLANG_WARN_DOCUMENTATION_COMMENTS = YES;
				CLANG_WARN_EMPTY_BODY = YES;
				CLANG_WARN_ENUM_CONVERSION = YES;
				CLANG_WARN_INFINITE_RECURSION = YES;
				CLANG_WARN_INT_CONVERSION = YES;
				CLANG_WARN_NON_LITERAL_NULL_CONVERSION = YES;
				CLANG_WARN_OBJC_IMPLICIT_RETAIN_SELF = YES;
				CLANG_WARN_OBJC_LITERAL_CONVERSION = YES;
				CLANG_WARN_OBJC_ROOT_CLASS = YES_ERROR;
				CLANG_WARN_QUOTED_INCLUDE_IN_FRAMEWORK_HEADER = YES;
				CLANG_WARN_RANGE_LOOP_ANALYSIS = YES;
				CLANG_WARN_STRICT_PROTOTYPES = YES;
				CLANG_WARN_SUSPICIOUS_MOVE = YES;
				CLANG_WARN_UNGUARDED_AVAILABILITY = YES_AGGRESSIVE;
				CLANG_WARN_UNREACHABLE_CODE = YES;
				CLANG_WARN__DUPLICATE_METHOD_MATCH = YES;
				COPY_PHASE_STRIP = NO;
				DEBUG_INFORMATION_FORMAT = dwarf;
				ENABLE_STRICT_OBJC_MSGSEND = YES;
				ENABLE_TESTABILITY = YES;
				GCC_C_LANGUAGE_STANDARD = gnu11;
				GCC_DYNAMIC_NO_PIC = NO;
				GCC_NO_COMMON_BLOCKS = YES;
				GCC_OPTIMIZATION_LEVEL = 0;
				GCC_PREPROCESSOR_DEFINITIONS = (
					"DEBUG=1",
					"$(inherited)",
				);
				GCC_WARN_64_TO_32_BIT_CONVERSION = YES;
				GCC_WARN_ABOUT_RETURN_TYPE = YES_ERROR;
				GCC_WARN_UNDECLARED_SELECTOR = YES;
				GCC_WARN_UNINITIALIZED_AUTOS = YES_AGGRESSIVE;
				GCC_WARN_UNUSED_FUNCTION = YES;
				GCC_WARN_UNUSED_VARIABLE = YES;
				IPHONEOS_DEPLOYMENT_TARGET = 16.4;
				MTL_ENABLE_DEBUG_INFO = INCLUDE_SOURCE;
				MTL_FAST_MATH = YES;
				ONLY_ACTIVE_ARCH = YES;
				SDKROOT = iphoneos;
				SWIFT_ACTIVE_COMPILATION_CONDITIONS = DEBUG;
				SWIFT_OPTIMIZATION_LEVEL = "-Onone";
			};
			name = Debug;
		};
		F2D30AD82A3CBB5E00451A67 /* Release */ = {
			isa = XCBuildConfiguration;
			buildSettings = {
				ALWAYS_SEARCH_USER_PATHS = NO;
				CLANG_ANALYZER_NONNULL = YES;
				CLANG_ANALYZER_NUMBER_OBJECT_CONVERSION = YES_AGGRESSIVE;
				CLANG_CXX_LANGUAGE_STANDARD = "gnu++20";
				CLANG_ENABLE_MODULES = YES;
				CLANG_ENABLE_OBJC_ARC = YES;
				CLANG_ENABLE_OBJC_WEAK = YES;
				CLANG_WARN_BLOCK_CAPTURE_AUTORELEASING = YES;
				CLANG_WARN_BOOL_CONVERSION = YES;
				CLANG_WARN_COMMA = YES;
				CLANG_WARN_CONSTANT_CONVERSION = YES;
				CLANG_WARN_DEPRECATED_OBJC_IMPLEMENTATIONS = YES;
				CLANG_WARN_DIRECT_OBJC_ISA_USAGE = YES_ERROR;
				CLANG_WARN_DOCUMENTATION_COMMENTS = YES;
				CLANG_WARN_EMPTY_BODY = YES;
				CLANG_WARN_ENUM_CONVERSION = YES;
				CLANG_WARN_INFINITE_RECURSION = YES;
				CLANG_WARN_INT_CONVERSION = YES;
				CLANG_WARN_NON_LITERAL_NULL_CONVERSION = YES;
				CLANG_WARN_OBJC_IMPLICIT_RETAIN_SELF = YES;
				CLANG_WARN_OBJC_LITERAL_CONVERSION = YES;
				CLANG_WARN_OBJC_ROOT_CLASS = YES_ERROR;
				CLANG_WARN_QUOTED_INCLUDE_IN_FRAMEWORK_HEADER = YES;
				CLANG_WARN_RANGE_LOOP_ANALYSIS = YES;
				CLANG_WARN_STRICT_PROTOTYPES = YES;
				CLANG_WARN_SUSPICIOUS_MOVE = YES;
				CLANG_WARN_UNGUARDED_AVAILABILITY = YES_AGGRESSIVE;
				CLANG_WARN_UNREACHABLE_CODE = YES;
				CLANG_WARN__DUPLICATE_METHOD_MATCH = YES;
				COPY_PHASE_STRIP = NO;
				DEBUG_INFORMATION_FORMAT = "dwarf-with-dsym";
				ENABLE_NS_ASSERTIONS = NO;
				ENABLE_STRICT_OBJC_MSGSEND = YES;
				GCC_C_LANGUAGE_STANDARD = gnu11;
				GCC_NO_COMMON_BLOCKS = YES;
				GCC_WARN_64_TO_32_BIT_CONVERSION = YES;
				GCC_WARN_ABOUT_RETURN_TYPE = YES_ERROR;
				GCC_WARN_UNDECLARED_SELECTOR = YES;
				GCC_WARN_UNINITIALIZED_AUTOS = YES_AGGRESSIVE;
				GCC_WARN_UNUSED_FUNCTION = YES;
				GCC_WARN_UNUSED_VARIABLE = YES;
				IPHONEOS_DEPLOYMENT_TARGET = 16.4;
				MTL_ENABLE_DEBUG_INFO = NO;
				MTL_FAST_MATH = YES;
				SDKROOT = iphoneos;
				SWIFT_COMPILATION_MODE = wholemodule;
				SWIFT_OPTIMIZATION_LEVEL = "-O";
				VALIDATE_PRODUCT = YES;
			};
			name = Release;
		};
		F2D30ADA2A3CBB5E00451A67 /* Debug */ = {
			isa = XCBuildConfiguration;
			buildSettings = {
				ASSETCATALOG_COMPILER_APPICON_NAME = AppIcon;
				ASSETCATALOG_COMPILER_GLOBAL_ACCENT_COLOR_NAME = AccentColor;
				CODE_SIGN_STYLE = Automatic;
				CURRENT_PROJECT_VERSION = 1;
				DEVELOPMENT_ASSET_PATHS = Fap/Info.plist;
				DEVELOPMENT_TEAM = BJW23WA2W9;
				GENERATE_INFOPLIST_FILE = YES;
				INFOPLIST_FILE = Fap/Info.plist;
				INFOPLIST_KEY_UIApplicationSupportsIndirectInputEvents = YES;
				INFOPLIST_KEY_UILaunchStoryboardName = LaunchScreen;
				INFOPLIST_KEY_UIMainStoryboardFile = Main;
				INFOPLIST_KEY_UIStatusBarHidden = YES;
				INFOPLIST_KEY_UISupportedInterfaceOrientations_iPad = "UIInterfaceOrientationPortrait UIInterfaceOrientationPortraitUpsideDown UIInterfaceOrientationLandscapeLeft UIInterfaceOrientationLandscapeRight";
				INFOPLIST_KEY_UISupportedInterfaceOrientations_iPhone = "UIInterfaceOrientationPortrait UIInterfaceOrientationLandscapeLeft UIInterfaceOrientationLandscapeRight";
				LD_RUNPATH_SEARCH_PATHS = (
					"$(inherited)",
					"@executable_path/Frameworks",
				);
				MARKETING_VERSION = 1.0;
				OTHER_LDFLAGS = "-ObjC";
				PRODUCT_BUNDLE_IDENTIFIER = sasasasas.Fap;
				PRODUCT_NAME = "$(TARGET_NAME)";
				SWIFT_EMIT_LOC_STRINGS = YES;
				SWIFT_VERSION = 5.0;
				TARGETED_DEVICE_FAMILY = "1,2";
			};
			name = Debug;
		};
		F2D30ADB2A3CBB5E00451A67 /* Release */ = {
			isa = XCBuildConfiguration;
			buildSettings = {
				ASSETCATALOG_COMPILER_APPICON_NAME = AppIcon;
				ASSETCATALOG_COMPILER_GLOBAL_ACCENT_COLOR_NAME = AccentColor;
				CODE_SIGN_STYLE = Automatic;
				CURRENT_PROJECT_VERSION = 1;
				DEVELOPMENT_ASSET_PATHS = Fap/Info.plist;
				DEVELOPMENT_TEAM = BJW23WA2W9;
				GENERATE_INFOPLIST_FILE = YES;
				INFOPLIST_FILE = Fap/Info.plist;
				INFOPLIST_KEY_UIApplicationSupportsIndirectInputEvents = YES;
				INFOPLIST_KEY_UILaunchStoryboardName = LaunchScreen;
				INFOPLIST_KEY_UIMainStoryboardFile = Main;
				INFOPLIST_KEY_UIStatusBarHidden = YES;
				INFOPLIST_KEY_UISupportedInterfaceOrientations_iPad = "UIInterfaceOrientationPortrait UIInterfaceOrientationPortraitUpsideDown UIInterfaceOrientationLandscapeLeft UIInterfaceOrientationLandscapeRight";
				INFOPLIST_KEY_UISupportedInterfaceOrientations_iPhone = "UIInterfaceOrientationPortrait UIInterfaceOrientationLandscapeLeft UIInterfaceOrientationLandscapeRight";
				LD_RUNPATH_SEARCH_PATHS = (
					"$(inherited)",
					"@executable_path/Frameworks",
				);
				MARKETING_VERSION = 1.0;
				OTHER_LDFLAGS = "-ObjC";
				PRODUCT_BUNDLE_IDENTIFIER = sasasasas.Fap;
				PRODUCT_NAME = "$(TARGET_NAME)";
				SWIFT_EMIT_LOC_STRINGS = YES;
				SWIFT_VERSION = 5.0;
				TARGETED_DEVICE_FAMILY = "1,2";
			};
			name = Release;
		};
/* End XCBuildConfiguration section */

/* Begin XCConfigurationList section */
		F2D30ABD2A3CBB5D00451A67 /* Build configuration list for PBXProject "Fap" */ = {
			isa = XCConfigurationList;
			buildConfigurations = (
				F2D30AD72A3CBB5E00451A67 /* Debug */,
				F2D30AD82A3CBB5E00451A67 /* Release */,
			);
			defaultConfigurationIsVisible = 0;
			defaultConfigurationName = Release;
		};
		F2D30AD92A3CBB5E00451A67 /* Build configuration list for PBXNativeTarget "Fap" */ = {
			isa = XCConfigurationList;
			buildConfigurations = (
				F2D30ADA2A3CBB5E00451A67 /* Debug */,
				F2D30ADB2A3CBB5E00451A67 /* Release */,
			);
			defaultConfigurationIsVisible = 0;
			defaultConfigurationName = Release;
		};
/* End XCConfigurationList section */

/* Begin XCRemoteSwiftPackageReference section */
		F2742FAF2A4518700091D1A1 /* XCRemoteSwiftPackageReference "swift-package-manager-google-mobile-ads" */ = {
			isa = XCRemoteSwiftPackageReference;
			repositoryURL = "https://github.com/googleads/swift-package-manager-google-mobile-ads.git";
			requirement = {
				kind = upToNextMajorVersion;
				minimumVersion = 10.0.0;
			};
		};
/* End XCRemoteSwiftPackageReference section */

/* Begin XCSwiftPackageProductDependency section */
		F2742FB02A4518700091D1A1 /* GoogleMobileAds */ = {
			isa = XCSwiftPackageProductDependency;
			package = F2742FAF2A4518700091D1A1 /* XCRemoteSwiftPackageReference "swift-package-manager-google-mobile-ads" */;
			productName = GoogleMobileAds;
		};
/* End XCSwiftPackageProductDependency section */
	};
	rootObject = F2D30ABA2A3CBB5D00451A67 /* Project object */;
}
